
Microsoft Visual Studio Solution File, Format Version 12.00
# Visual Studio 15
VisualStudioVersion = 15.0.28010.2046
MinimumVisualStudioVersion = 10.0.40219.1
Project("{FAE04EC0-301F-11D3-BF4B-00C04F79EFBC}") = "MorgenGry", "MorgenGry\MorgenGry.csproj", "{FEA8654E-D5C9-4E69-BFA2-EE6634AF7004}"
EndProject
Project("{FAE04EC0-301F-11D3-BF4B-00C04F79EFBC}") = "Test", "Test\Test.csproj", "{CD84FC22-8F30-4373-A308-E80C1E187B6D}"
EndProject
Global
	GlobalSection(SolutionConfigurationPlatforms) = preSolution
		Debug|Any CPU = Debug|Any CPU
		Release|Any CPU = Release|Any CPU
	EndGlobalSection
	GlobalSection(ProjectConfigurationPlatforms) = postSolution
		{FEA8654E-D5C9-4E69-BFA2-EE6634AF7004}.Debug|Any CPU.ActiveCfg = Debug|Any CPU
		{FEA8654E-D5C9-4E69-BFA2-EE6634AF7004}.Debug|Any CPU.Build.0 = Debug|Any CPU
		{FEA8654E-D5C9-4E69-BFA2-EE6634AF7004}.Release|Any CPU.ActiveCfg = Release|Any CPU
		{FEA8654E-D5C9-4E69-BFA2-EE6634AF7004}.Release|Any CPU.Build.0 = Release|Any CPU
		{CD84FC22-8F30-4373-A308-E80C1E187B6D}.Debug|Any CPU.ActiveCfg = Debug|Any CPU
		{CD84FC22-8F30-4373-A308-E80C1E187B6D}.Debug|Any CPU.Build.0 = Debug|Any CPU
		{CD84FC22-8F30-4373-A308-E80C1E187B6D}.Release|Any CPU.ActiveCfg = Release|Any CPU
		{CD84FC22-8F30-4373-A308-E80C1E187B6D}.Release|Any CPU.Build.0 = Release|Any CPU
	EndGlobalSection
	GlobalSection(SolutionProperties) = preSolution
		HideSolutionNode = FALSE
	EndGlobalSection
	GlobalSection(ExtensibilityGlobals) = postSolution
		SolutionGuid = {E6C08C20-1ECD-4217-B3F6-8C7A65EDBB57}
	EndGlobalSection
EndGlobal
